
Microsoft Visual Studio Solution File, Format Version 12.00
# Visual Studio Version 16
VisualStudioVersion = 16.0.30907.101
MinimumVisualStudioVersion = 10.0.40219.1
Project("{9A19103F-16F7-4668-BE54-9A1E7A4F7556}") = "TinyCloneFunction", "TinyCloneFunction\TinyCloneFunction.csproj", "{3F5EE69A-F090-4575-B492-788D5F8C109D}"
EndProject
Global
	GlobalSection(SolutionConfigurationPlatforms) = preSolution
		Debug|Any CPU = Debug|Any CPU
		Release|Any CPU = Release|Any CPU
	EndGlobalSection
	GlobalSection(ProjectConfigurationPlatforms) = postSolution
		{3F5EE69A-F090-4575-B492-788D5F8C109D}.Debug|Any CPU.ActiveCfg = Debug|Any CPU
		{3F5EE69A-F090-4575-B492-788D5F8C109D}.Debug|Any CPU.Build.0 = Debug|Any CPU
		{3F5EE69A-F090-4575-B492-788D5F8C109D}.Release|Any CPU.ActiveCfg = Release|Any CPU
		{3F5EE69A-F090-4575-B492-788D5F8C109D}.Release|Any CPU.Build.0 = Release|Any CPU
	EndGlobalSection
	GlobalSection(SolutionProperties) = preSolution
		HideSolutionNode = FALSE
	EndGlobalSection
	GlobalSection(ExtensibilityGlobals) = postSolution
		SolutionGuid = {551F7E3A-01C7-4648-9FB9-11B30A4953FB}
	EndGlobalSection
EndGlobal
